
Microsoft Visual Studio Solution File, Format Version 12.00
# Visual Studio Version 17
VisualStudioVersion = 17.2.32630.192
MinimumVisualStudioVersion = 10.0.40219.1
Project("{FAE04EC0-301F-11D3-BF4B-00C04F79EFBC}") = "API-HistorialPruebas", "API-HistorialPruebas\API-HistorialPruebas.csproj", "{91991D58-18F3-469A-A57D-1487BD4D1CE3}"
EndProject
Global
	GlobalSection(SolutionConfigurationPlatforms) = preSolution
		Debug|Any CPU = Debug|Any CPU
		Release|Any CPU = Release|Any CPU
	EndGlobalSection
	GlobalSection(ProjectConfigurationPlatforms) = postSolution
		{91991D58-18F3-469A-A57D-1487BD4D1CE3}.Debug|Any CPU.ActiveCfg = Debug|Any CPU
		{91991D58-18F3-469A-A57D-1487BD4D1CE3}.Debug|Any CPU.Build.0 = Debug|Any CPU
		{91991D58-18F3-469A-A57D-1487BD4D1CE3}.Release|Any CPU.ActiveCfg = Release|Any CPU
		{91991D58-18F3-469A-A57D-1487BD4D1CE3}.Release|Any CPU.Build.0 = Release|Any CPU
	EndGlobalSection
	GlobalSection(SolutionProperties) = preSolution
		HideSolutionNode = FALSE
	EndGlobalSection
	GlobalSection(ExtensibilityGlobals) = postSolution
		SolutionGuid = {F09C9080-8EC4-4301-98DB-15E675896BC4}
	EndGlobalSection
EndGlobal
